{
  "version": 4,
  "terraform_version": "1.9.8",
  "serial": 1,
  "lineage": "0e7d8ea9-7c3f-e639-6213-fa37d4d6038a",
  "outputs": {},
  "resources": [
    {
      "mode": "managed",
      "type": "maas_machine",
      "name": "virsh_vm1",
      "provider": "provider[\"registry.terraform.io/mc-b/lernmaas\"]",
      "instances": [
        {
          "schema_version": 1,
          "attributes": {
            "architecture": "amd64/generic",
            "domain": "maas",
            "hostname": "cloud-hf-02-c1",
            "id": "88tngt",
            "min_hwe_kernel": "",
            "network_interfaces": [
              "52:54:00:26:75:ba"
            ],
            "pool": "default",
            "power_parameters": "{\"power_address\":\"qemu+ssh://virsh@10.0.24.2/system\",\"power_id\":\"cloud-hf-02-c1\",\"power_pass\":\"MZGNXSbkKiPQAKdwKHch88mlMEYmWqsO\"}",
            "power_type": "virsh",
            "pxe_mac_address": "52:54:00:26:75:ba",
            "timeouts": null,
            "zone": "10-3-24-0"
          },
          "sensitive_attributes": [
            [
              {
                "type": "get_attr",
                "value": "power_parameters"
              }
            ]
          ],
          "private": "eyJlMmJmYjczMC1lY2FhLTExZTYtOGY4OC0zNDM2M2JjN2M0YzAiOnsiY3JlYXRlIjoxODAwMDAwMDAwMDAwfSwic2NoZW1hX3ZlcnNpb24iOiIxIn0="
        }
      ]
    }
  ],
  "check_results": null
}
